code.cloudfoundry.org/bytefmt v0.0.0-20170428003108-f4415fafc561 h1:OKYHUwj6pyB9KWBoyy1yPJVWvoYV2N+9QqbvbSw8LjM=
code.cloudfoundry.org/bytefmt v0.0.0-20170428003108-f4415fafc561/go.mod h1:wN/zk7mhREp/oviagqUXY3EwuHhWyOvAdsn5Y4CzOrc=
code.cloudfoundry.org/cli v6.43.0+incompatible h1:jAaPyHN5Hb2r2sR9i8Y8ejKPiPpuBYMaHBFyKVmQ7T4=
code.cloudfoundry.org/cli v6.43.0+incompatible/go.mod h1:e4d+EpbwevNhyTZKybrLlyTvpH+W22vMsmdmcTxs/Fo=
code.cloudfoundry.org/cli v6.53.0+incompatible h1:H5PUIvC9686VS0ZwdsJiFa+EzbK3RNAVTkUa2bvhUjI=
code.cloudfoundry.org/cli v6.53.0+incompatible/go.mod h1:e4d+EpbwevNhyTZKybrLlyTvpH+W22vMsmdmcTxs/Fo=
github.com/fatih/color v0.0.0-20161025120501-bf82308e8c85 h1:g7ijd5QIEMWwZNVp/T/6kQ8RSh8rN+YNhghMcrET3qY=
github.com/fatih/color v0.0.0-20161025120501-bf82308e8c85/go.mod h1:Zm6kSWBoL9eyXnKyktHP6abPY2pDugNf5KwzbycvMj4=
github.com/golang/protobuf v0.0.0-20151023031640-5baca1b63153 h1:SJWo5NPMQeZ3XkwNMCmCW/RD5P5sjY8pNRw2ha7CjqQ=
github.com/golang/protobuf v0.0.0-20151023031640-5baca1b63153/go.mod h1:6lQm79b+lXiMfvg/cZm0SGofjICqVBUtrP5yJMmIC1U=
github.com/kr/pretty v0.1.0 h1:L/CwN0zerZDmRFUapSPitk6f+Q3+0za1rQkzVuMiMFI=
github.com/kr/pretty v0.1.0/go.mod h1:dAy3ld7l9f0ibDNOQOHHMYYIIbhfbHSm3C4ZsoJORNo=
github.com/kr/pty v1.1.1/go.mod h1:pFQYn66WHrOpPYNljwOMqo10TkYh1fy3cYio2l3bCsQ=
github.com/kr/text v0.1.0 h1:45sCR5RtlFHMR4UwH9sdQ5TC8v0qDQCHnXt+kaKSTVE=
github.com/kr/text v0.1.0/go.mod h1:4Jbv+DJW3UT/LiOwJeYQe1efqtUx/iVham/4vfdArNI=
github.com/mattn/go-colorable v0.0.0-20180205070158-7dc3415be66d h1:Al+xYJObawpVYdtjyHMfT4sOTkbtbAYbV/Q0Qf0/JQs=
github.com/mattn/go-colorable v0.0.0-20180205070158-7dc3415be66d/go.mod h1:9vuHe8Xs5qXnSaW/c/ABM9alt+Vo+STaOChaDxuIBZU=
github.com/mattn/go-isatty v0.0.4 h1:bnP0vzxcAdeI1zdubAl5PjU6zsERjGZb7raWodagDYs=
github.com/mattn/go-isatty v0.0.4/go.mod h1:M+lRXTBqGeGNdLjl/ufCoiOlB5xdOkqRJdNxMWT7Zi4=
github.com/onsi/ginkgo v0.0.0-20161110180313-00054c0bb96f h1:NkZR11Y2UKjfXFw3DaBwDQaHAJTb4aUMIhkxgikhnpk=
github.com/onsi/ginkgo v0.0.0-20161110180313-00054c0bb96f/go.mod h1:lLunBs/Ym6LB5Z9jYTR76FiuTmxDTDusOGeTQH+WWjE=
github.com/onsi/gomega v0.0.0-20161118205129-f1f0f388b31e h1:LvgsjG0xVufTzEfSK5jwC3vYGHA7A7zzVrr85O+IEHc=
github.com/onsi/gomega v0.0.0-20161118205129-f1f0f388b31e/go.mod h1:C1qb7wdrVGGVU+Z6iS04AVkA3Q65CEZX59MT0QO5uiA=
golang.org/x/sys v0.0.0-20190429190828-d89cdac9e872 h1:cGjJzUd8RgBw428LXP65YXni0aiGNA4Bl+ls8SmLOm8=
golang.org/x/sys v0.0.0-20190429190828-d89cdac9e872/go.mod h1:h1NjWce9XRLGQEsW7wpKNCjG9DtNlClVuFLEZdDNbEs=
gopkg.in/check.v1 v1.0.0-20180628173108-788fd7840127 h1:qIbj1fsPNlZgppZ+VLlY7N33q108Sa+fhmuc+sWQYwY=
gopkg.in/check.v1 v1.0.0-20180628173108-788fd7840127/go.mod h1:Co6ibVJAznAaIkqp8huTwlJQCZ016jof/cbN4VW5Yz0=
gopkg.in/yaml.v2 v2.0.0-20160928153709-a5b47d31c556 h1:hKXbLW5oaJoQgs8KrzTLdF4PoHi+0oQPgea9TNtvE3E=
gopkg.in/yaml.v2 v2.0.0-20160928153709-a5b47d31c556/go.mod h1:JAlM8MvJe8wmxCU4Bli9HhUf9+ttbYbLASfIpnQbh74=
