code.cloudfoundry.org/bytefmt v0.0.0-20170428003108-f4415fafc561 h1:OKYHUwj6pyB9KWBoyy1yPJVWvoYV2N+9QqbvbSw8LjM=
code.cloudfoundry.org/bytefmt v0.0.0-20170428003108-f4415fafc561/go.mod h1:wN/zk7mhREp/oviagqUXY3EwuHhWyOvAdsn5Y4CzOrc=
code.cloudfoundry.org/cfnetworking-cli-api v0.0.0-20190103195135-4b04f26287a6 h1:Yc9r1p21kEpni9WlG4mwOZw87TB2QlyS9sAEebZ3+ak=
code.cloudfoundry.org/cfnetworking-cli-api v0.0.0-20190103195135-4b04f26287a6/go.mod h1:u5FovqC5GGAEbFPz+IdjycDA+gIjhUwqxnu0vbHwVeM=
code.cloudfoundry.org/cli v6.43.0+incompatible h1:jAaPyHN5Hb2r2sR9i8Y8ejKPiPpuBYMaHBFyKVmQ7T4=
code.cloudfoundry.org/cli v6.43.0+incompatible/go.mod h1:e4d+EpbwevNhyTZKybrLlyTvpH+W22vMsmdmcTxs/Fo=
code.cloudfoundry.org/cli v6.46.1+incompatible h1:pr5E62IznMQ9L3SpNS0zk1otk5THz2O8r6vCEwycetE=
code.cloudfoundry.org/cli v6.46.1+incompatible/go.mod h1:e4d+EpbwevNhyTZKybrLlyTvpH+W22vMsmdmcTxs/Fo=
code.cloudfoundry.org/gofileutils v0.0.0-20170111115228-4d0c80011a0f h1:UrKzEwTgeiff9vxdrfdqxibzpWjxLnuXDI5m6z3GJAk=
code.cloudfoundry.org/gofileutils v0.0.0-20170111115228-4d0c80011a0f/go.mod h1:sk5LnIjB/nIEU7yP5sDQExVm62wu0pBh3yrElngUisI=
code.cloudfoundry.org/ykk v0.0.0-20170424192843-e4df4ce2fd4d h1:M+zXqtXJqcsmpL76aU0tdl1ho23eYa4axYoM4gD62UA=
code.cloudfoundry.org/ykk v0.0.0-20170424192843-e4df4ce2fd4d/go.mod h1:YUJiVOr5xl0N/RjMxM1tHmgSpBbi5UM+KoVR5AoejO0=
github.com/SermoDigital/jose v0.9.1 h1:atYaHPD3lPICcbK1owly3aPm0iaJGSGPi0WD4vLznv8=
github.com/SermoDigital/jose v0.9.1/go.mod h1:ARgCUhI1MHQH+ONky/PAtmVHQrP5JlGY0F3poXOp/fA=
github.com/blang/semver v3.5.1+incompatible h1:cQNTCjp13qL8KC3Nbxr/y2Bqb63oX6wdnnjpJbkM4JQ=
github.com/blang/semver v3.5.1+incompatible/go.mod h1:kRBLl5iJ+tD4TcOOxsy/0fnwebNt5EWlYSAyrTnjyyk=
github.com/bmatcuk/doublestar v1.1.5 h1:2bNwBOmhyFEFcoB3tGvTD5xanq+4kyOZlB8wFYbMjkk=
github.com/bmatcuk/doublestar v1.1.5/go.mod h1:wiQtGV+rzVYxB7WIlirSN++5HPtPlXEo9MEoZQC/PmE=
github.com/bmizerany/pat v0.0.0-20170815010413-6226ea591a40 h1:y4B3+GPxKlrigF1ha5FFErxK+sr6sWxQovRMzwMhejo=
github.com/bmizerany/pat v0.0.0-20170815010413-6226ea591a40/go.mod h1:8rLXio+WjiTceGBHIoTvn60HIbs7Hm7bcHjyrSqYB9c=
github.com/charlievieth/fs v0.0.0-20170613215519-7dc373669fa1 h1:vTlpHKxJqykyKdW9bkrDJNWeKNuSIAJ0TP/K4lRsz/Q=
github.com/charlievieth/fs v0.0.0-20170613215519-7dc373669fa1/go.mod h1:sAoA1zHCH4FJPE2gne5iBiiVG66U7Nyp6JqlOo+FEyg=
github.com/cloudfoundry/bosh-cli v6.0.0+incompatible h1:qVhfYV0o9SHhdy/k/rN7CsuFX8UHz0uzL3n/FywxQwo=
github.com/cloudfoundry/bosh-cli v6.0.0+incompatible/go.mod h1:rzIB+e1sn7wQL/TJ54bl/FemPKRhXby5BIMS3tLuWFM=
github.com/cloudfoundry/bosh-utils v0.0.0-20190824100155-2bd955afd080 h1:ArMWvHp2Rt7mYhlPZEJLvxvxXQX3GCk358BpNQAOYAM=
github.com/cloudfoundry/bosh-utils v0.0.0-20190824100155-2bd955afd080/go.mod h1:JCrKwetZGjxbfq1U139TZuXDBfdGLtjOEAfxMWKV/QM=
github.com/cloudfoundry/cli-plugin-repo v0.0.0-20190815185922-031f3c67f122 h1:YJbFvxbNZIip7YeNW8c2wgcfNX/YFjNKR/i18xVVGdg=
github.com/cloudfoundry/cli-plugin-repo v0.0.0-20190815185922-031f3c67f122/go.mod h1:yC/5vqtuzGhS40ZSeBtWvDMMrfdSeG673lF91gu5K+Y=
github.com/cloudfoundry/noaa v2.1.0+incompatible h1:hr6VnM5VlYRN3YD+NmAedQLW8686sUMknOSe0mFS2vo=
github.com/cloudfoundry/noaa v2.1.0+incompatible/go.mod h1:5LmacnptvxzrTvMfL9+EJhgkUfIgcwI61BVSTh47ECo=
github.com/cloudfoundry/sonde-go v0.0.0-20171206171820-b33733203bb4 h1:cWfya7mo/zbnwYVio6eWGsFJHqYw4/k/uhwIJ1eqRPI=
github.com/cloudfoundry/sonde-go v0.0.0-20171206171820-b33733203bb4/go.mod h1:GS0pCHd7onIsewbw8Ue9qa9pZPv2V88cUZDttK6KzgI=
github.com/cppforlife/go-patch v0.2.0 h1:Y14MnCQjDlbw7WXT4k+u6DPAA9XnygN4BfrSpI/19RU=
github.com/cppforlife/go-patch v0.2.0/go.mod h1:67a7aIi94FHDZdoeGSJRRFDp66l9MhaAG1yGxpUoFD8=
github.com/cyphar/filepath-securejoin v0.2.2 h1:jCwT2GTP+PY5nBz3c/YL5PAIbusElVrPujOBSCj8xRg=
github.com/cyphar/filepath-securejoin v0.2.2/go.mod h1:FpkQEhXnPnOthhzymB7CGsFk2G9VLXONKD9G7QGMM+4=
github.com/davecgh/go-spew v1.1.1/go.mod h1:J7Y8YcW2NihsgmVo/mv3lAwl/skON4iLHjSsI+c5H38=
github.com/docker/distribution v2.7.1+incompatible h1:a5mlkVzth6W5A4fOsS3D2EO5BUmsJpcB+cRlLU7cSug=
github.com/docker/distribution v2.7.1+incompatible/go.mod h1:J2gT2udsDAN96Uj4KfcMRqY0/ypR+oyYUYmja8H+y+w=
github.com/fatih/color v0.0.0-20161025120501-bf82308e8c85 h1:g7ijd5QIEMWwZNVp/T/6kQ8RSh8rN+YNhghMcrET3qY=
github.com/fatih/color v0.0.0-20161025120501-bf82308e8c85/go.mod h1:Zm6kSWBoL9eyXnKyktHP6abPY2pDugNf5KwzbycvMj4=
github.com/gogo/protobuf v1.2.1 h1:/s5zKNz0uPFCZ5hddgPdo2TK2TVrUNMn0OOX8/aZMTE=
github.com/gogo/protobuf v1.2.1/go.mod h1:hp+jE20tsWTFYpLwKvXlhS1hjn+gTNwPg2I6zVXpSg4=
github.com/golang/protobuf v0.0.0-20151023031640-5baca1b63153 h1:SJWo5NPMQeZ3XkwNMCmCW/RD5P5sjY8pNRw2ha7CjqQ=
github.com/golang/protobuf v0.0.0-20151023031640-5baca1b63153/go.mod h1:6lQm79b+lXiMfvg/cZm0SGofjICqVBUtrP5yJMmIC1U=
github.com/google/go-querystring v1.0.0 h1:Xkwi/a1rcvNg1PPYe5vI8GbeBY/jrVuDX5ASuANWTrk=
github.com/google/go-querystring v1.0.0/go.mod h1:odCYkC5MyYFN7vkCjXpyrEuKhc/BUO6wN/zVPAxq5ck=
github.com/gorilla/websocket v1.4.1 h1:q7AeDBpnBk8AogcD4DSag/Ukw/KV+YhzLj2bP5HvKCM=
github.com/gorilla/websocket v1.4.1/go.mod h1:YR8l580nyteQvAITg2hZ9XVh4b55+EU/adAjf1fMHhE=
github.com/jessevdk/go-flags v1.4.0 h1:4IU2WS7AumrZ/40jfhf4QVDMsQwqA7VEHozFRrGARJA=
github.com/jessevdk/go-flags v1.4.0/go.mod h1:4FA24M0QyGHXBuZZK/XkWh8h0e1EYbRYJSGM75WSRxI=
github.com/kisielk/errcheck v1.1.0/go.mod h1:EZBBE59ingxPouuu3KfxchcWSUPOHkagtvWXihfKN4Q=
github.com/kisielk/gotool v1.0.0/go.mod h1:XhKaO+MFFWcvkIS/tQcRk01m1F5IRFswLeQ+oQHNcck=
github.com/konsorten/go-windows-terminal-sequences v1.0.1/go.mod h1:T0+1ngSBFLxvqU3pZ+m/2kptfBszLMUkC4ZK/EgS/cQ=
github.com/kr/pretty v0.1.0 h1:L/CwN0zerZDmRFUapSPitk6f+Q3+0za1rQkzVuMiMFI=
github.com/kr/pretty v0.1.0/go.mod h1:dAy3ld7l9f0ibDNOQOHHMYYIIbhfbHSm3C4ZsoJORNo=
github.com/kr/pty v1.1.1/go.mod h1:pFQYn66WHrOpPYNljwOMqo10TkYh1fy3cYio2l3bCsQ=
github.com/kr/text v0.1.0 h1:45sCR5RtlFHMR4UwH9sdQ5TC8v0qDQCHnXt+kaKSTVE=
github.com/kr/text v0.1.0/go.mod h1:4Jbv+DJW3UT/LiOwJeYQe1efqtUx/iVham/4vfdArNI=
github.com/lunixbochs/vtclean v1.0.0 h1:xu2sLAri4lGiovBDQKxl5mrXyESr3gUr5m5SM5+LVb8=
github.com/lunixbochs/vtclean v1.0.0/go.mod h1:pHhQNgMf3btfWnGBVipUOjRYhoOsdGqdm/+2c2E2WMI=
github.com/mailru/easyjson v0.0.0-20190626092158-b2ccc519800e h1:hB2xlXdHp/pmPZq0y3QnmWAArdw9PqbmotexnWx/FU8=
github.com/mailru/easyjson v0.0.0-20190626092158-b2ccc519800e/go.mod h1:C1wdFJiN94OJF2b5HbByQZoLdCWB1Yqtg26g4irojpc=
github.com/mattn/go-colorable v0.0.0-20180205070158-7dc3415be66d h1:Al+xYJObawpVYdtjyHMfT4sOTkbtbAYbV/Q0Qf0/JQs=
github.com/mattn/go-colorable v0.0.0-20180205070158-7dc3415be66d/go.mod h1:9vuHe8Xs5qXnSaW/c/ABM9alt+Vo+STaOChaDxuIBZU=
github.com/mattn/go-isatty v0.0.4 h1:bnP0vzxcAdeI1zdubAl5PjU6zsERjGZb7raWodagDYs=
github.com/mattn/go-isatty v0.0.4/go.mod h1:M+lRXTBqGeGNdLjl/ufCoiOlB5xdOkqRJdNxMWT7Zi4=
github.com/mattn/go-runewidth v0.0.4 h1:2BvfKmzob6Bmd4YsL0zygOqfdFnK7GR4QL06Do4/p7Y=
github.com/mattn/go-runewidth v0.0.4/go.mod h1:LwmH8dsx7+W8Uxz3IHJYH5QSwggIsqBzpuz5H//U1FU=
github.com/moby/moby v1.13.1 h1:mC5WwQwCXt/dYxZ1cIrRsnJAWw7VdtcTZUIGr4tXzOM=
github.com/moby/moby v1.13.1/go.mod h1:fDXVQ6+S340veQPv35CzDahGBmHsiclFwfEygB/TWMc=
github.com/onsi/ginkgo v0.0.0-20161110180313-00054c0bb96f h1:NkZR11Y2UKjfXFw3DaBwDQaHAJTb4aUMIhkxgikhnpk=
github.com/onsi/ginkgo v0.0.0-20161110180313-00054c0bb96f/go.mod h1:lLunBs/Ym6LB5Z9jYTR76FiuTmxDTDusOGeTQH+WWjE=
github.com/onsi/gomega v0.0.0-20161118205129-f1f0f388b31e h1:LvgsjG0xVufTzEfSK5jwC3vYGHA7A7zzVrr85O+IEHc=
github.com/onsi/gomega v0.0.0-20161118205129-f1f0f388b31e/go.mod h1:C1qb7wdrVGGVU+Z6iS04AVkA3Q65CEZX59MT0QO5uiA=
github.com/opencontainers/go-digest v1.0.0-rc1 h1:WzifXhOVOEOuFYOJAW6aQqW0TooG2iki3E3Ii+WN7gQ=
github.com/opencontainers/go-digest v1.0.0-rc1/go.mod h1:cMLVZDEM3+U2I4VmLI6N8jQYUd2OVphdqWwCJHrFt2s=
github.com/pkg/errors v0.8.1 h1:iURUrRGxPUNPdy5/HRSm+Yj6okJ6UtLINN0Q9M4+h3I=
github.com/pkg/errors v0.8.1/go.mod h1:bwawxfHBFNV+L2hUp1rHADufV3IMtnDRdf1r5NINEl0=
github.com/pmezard/go-difflib v1.0.0/go.mod h1:iKH77koFhYxTK1pcRnkKkqfTogsbg7gZNVY4sRDYZ/4=
github.com/sabhiram/go-gitignore v0.0.0-20180611051255-d3107576ba94 h1:G04eS0JkAIVZfaJLjla9dNxkJCPiKIGZlw9AfOhzOD0=
github.com/sabhiram/go-gitignore v0.0.0-20180611051255-d3107576ba94/go.mod h1:b18R55ulyQ/h3RaWyloPyER7fWQVZvimKKhnI5OfrJQ=
github.com/sajari/fuzzy v1.0.0 h1:+FmwVvJErsd0d0hAPlj4CxqxUtQY/fOoY0DwX4ykpRY=
github.com/sajari/fuzzy v1.0.0/go.mod h1:OjYR6KxoWOe9+dOlXeiCJd4dIbED4Oo8wpS89o0pwOo=
github.com/sirupsen/logrus v1.4.2 h1:SPIRibHv4MatM3XXNO2BJeFLZwZ2LvZgfQ5+UNI2im4=
github.com/sirupsen/logrus v1.4.2/go.mod h1:tLMulIdttU9McNUspp0xgXVQah82FyeX6MwdIuYE2rE=
github.com/stretchr/objx v0.1.1/go.mod h1:HFkY916IF+rwdDfMAkV7OtwuqBVzrE8GR6GFx+wExME=
github.com/stretchr/testify v1.2.2/go.mod h1:a8OnRcib4nhh0OaRAV+Yts87kKdq0PP7pXfy6kDkUVs=
github.com/tedsuo/rata v1.0.0 h1:Sf9aZrYy6ElSTncjnGkyC2yuVvz5YJetBIUKJ4CmeKE=
github.com/tedsuo/rata v1.0.0/go.mod h1:X47ELzhOoLbfFIY0Cql9P6yo3Cdwf2CMX3FVZxRzJPc=
github.com/vito/go-interact v1.0.0 h1:niLW3NjGoMWOayoR6iQ8AxWVM1Q4rR8VGZ1mt6uK3BM=
github.com/vito/go-interact v1.0.0/go.mod h1:W1mz+UVUZScRM3eUjQhEQiLDnQ+yLnXkB2rjBfGPrXg=
golang.org/x/crypto v0.0.0-20190308221718-c2843e01d9a2/go.mod h1:djNgcEr1/C05ACkg1iLfiJU5Ep61QUkGW8qpdssI0+w=
golang.org/x/crypto v0.0.0-20190701094942-4def268fd1a4/go.mod h1:yigFU9vqHzYiE8UmvKecakEJjdnWj3jj499lnFckfCI=
golang.org/x/crypto v0.0.0-20190820162420-60c769a6c586 h1:7KByu05hhLed2MO29w7p1XfZvZ13m8mub3shuVftRs0=
golang.org/x/crypto v0.0.0-20190820162420-60c769a6c586/go.mod h1:yigFU9vqHzYiE8UmvKecakEJjdnWj3jj499lnFckfCI=
golang.org/x/net v0.0.0-20190404232315-eb5bcb51f2a3/go.mod h1:t9HGtf8HONx5eT2rtn7q6eTqICYqUVnKs3thJo3Qplg=
golang.org/x/net v0.0.0-20190813141303-74dc4d7220e7 h1:fHDIZ2oxGnUZRN6WgWFCbYBjH9uqVPRCUVUDhs0wnbA=
golang.org/x/net v0.0.0-20190813141303-74dc4d7220e7/go.mod h1:z5CRVTTTmAJ677TzLLGU+0bjPO0LkuOLi4/5GtJWs/s=
golang.org/x/sys v0.0.0-20190215142949-d0b11bdaac8a/go.mod h1:STP8DvDyc/dI5b8T5hshtkjS+E42TnysNCUPdjciGhY=
golang.org/x/sys v0.0.0-20190412213103-97732733099d/go.mod h1:h1NjWce9XRLGQEsW7wpKNCjG9DtNlClVuFLEZdDNbEs=
golang.org/x/sys v0.0.0-20190422165155-953cdadca894/go.mod h1:h1NjWce9XRLGQEsW7wpKNCjG9DtNlClVuFLEZdDNbEs=
golang.org/x/sys v0.0.0-20190429190828-d89cdac9e872 h1:cGjJzUd8RgBw428LXP65YXni0aiGNA4Bl+ls8SmLOm8=
golang.org/x/sys v0.0.0-20190429190828-d89cdac9e872/go.mod h1:h1NjWce9XRLGQEsW7wpKNCjG9DtNlClVuFLEZdDNbEs=
golang.org/x/text v0.3.0/go.mod h1:NqM8EUOU14njkJ3fqMW+pc6Ldnwhi/IjpwHt7yyuwOQ=
golang.org/x/text v0.3.2 h1:tW2bmiBqwgJj/UpqtC8EpXEZVYOwU0yG4iWbprSVAcs=
golang.org/x/text v0.3.2/go.mod h1:bEr9sfX3Q8Zfm5fL9x+3itogRgK3+ptLWKqgva+5dAk=
golang.org/x/tools v0.0.0-20180221164845-07fd8470d635/go.mod h1:n7NCudcB/nEzxVGmLbDWY5pfWTLqBcC2KZ6jyYvM4mQ=
golang.org/x/tools v0.0.0-20180917221912-90fa682c2a6e/go.mod h1:n7NCudcB/nEzxVGmLbDWY5pfWTLqBcC2KZ6jyYvM4mQ=
gopkg.in/check.v1 v1.0.0-20180628173108-788fd7840127 h1:qIbj1fsPNlZgppZ+VLlY7N33q108Sa+fhmuc+sWQYwY=
gopkg.in/check.v1 v1.0.0-20180628173108-788fd7840127/go.mod h1:Co6ibVJAznAaIkqp8huTwlJQCZ016jof/cbN4VW5Yz0=
gopkg.in/cheggaaa/pb.v1 v1.0.28 h1:n1tBJnnK2r7g9OW2btFH91V92STTUevLXYFb8gy9EMk=
gopkg.in/cheggaaa/pb.v1 v1.0.28/go.mod h1:V/YB90LKu/1FcN3WVnfiiE5oMCibMjukxqG/qStrOgw=
gopkg.in/yaml.v2 v2.0.0-20160928153709-a5b47d31c556 h1:hKXbLW5oaJoQgs8KrzTLdF4PoHi+0oQPgea9TNtvE3E=
gopkg.in/yaml.v2 v2.0.0-20160928153709-a5b47d31c556/go.mod h1:JAlM8MvJe8wmxCU4Bli9HhUf9+ttbYbLASfIpnQbh74=
